<?xml version="1.0" encoding="utf-8"?>
<Project ToolsVersion="4.0" xmlns="http://schemas.microsoft.com/developer/msbuild/2003">
  <ItemGroup>
    <Filter Include="Source Files">
      <UniqueIdentifier>{4FC737F1-C7A5-4376-A066-2A32D752A2FF}</UniqueIdentifier>
      <Extensions>cpp;cxx;c;def</Extensions>
    </Filter>
    <Filter Include="Header Files">
      <UniqueIdentifier>{93995380-89BD-4b04-88EB-625FBE52EBFB}</UniqueIdentifier>
      <Extensions>h</Extensions>
    </Filter>
    <Filter Include="Form Files">
      <UniqueIdentifier>{99349809-55BA-4b9d-BF79-8FDBB0286EB3}</UniqueIdentifier>
      <Extensions>ui</Extensions>
    </Filter>
    <Filter Include="Resource Files">
      <UniqueIdentifier>{D9D6E242-F8AF-46E4-B9FD-80ECBC20BA3E}</UniqueIdentifier>
      <Extensions>qrc;*</Extensions>
      <ParseFiles>false</ParseFiles>
    </Filter>
    <Filter Include="Generated Files">
      <UniqueIdentifier>{71ED8ED8-ACB9-4CE9-BBE1-E00B30144E11}</UniqueIdentifier>
      <Extensions>moc;h;cpp</Extensions>
      <SourceControlFiles>False</SourceControlFiles>
    </Filter>
    <Filter Include="Generated Files\Debug">
      <UniqueIdentifier>{f77e3f0c-8f34-4ba0-8034-93a48f5def47}</UniqueIdentifier>
      <Extensions>cpp;moc</Extensions>
      <SourceControlFiles>False</SourceControlFiles>
    </Filter>
    <Filter Include="Generated Files\Release">
      <UniqueIdentifier>{d34bd447-c2bf-4c1b-a032-57b1a05f4f59}</UniqueIdentifier>
      <Extensions>cpp;moc</Extensions>
      <SourceControlFiles>False</SourceControlFiles>
    </Filter>
    <Filter Include="ShapeAnalysis">
      <UniqueIdentifier>{535b6c09-9ba4-4b7d-bf21-75d358b53853}</UniqueIdentifier>
    </Filter>
    <Filter Include="ShapeAnalysis\Agent">
      <UniqueIdentifier>{d539736c-ffa0-4108-8bf7-b4ea9037af2e}</UniqueIdentifier>
    </Filter>
    <Filter Include="utility">
      <UniqueIdentifier>{bbe7fa0e-0757-47a0-9587-8cbe0e27711c}</UniqueIdentifier>
    </Filter>
    <Filter Include="GraphicsLibrary">
      <UniqueIdentifier>{310d9336-373d-40b4-87b3-90c4f96d9b03}</UniqueIdentifier>
    </Filter>
    <Filter Include="GUI">
      <UniqueIdentifier>{1130eb17-a381-4742-bc6b-c1e97b5871fd}</UniqueIdentifier>
    </Filter>
  </ItemGroup>
  <ItemGroup>
    <ClCompile Include="main.cpp">
      <Filter>Source Files</Filter>
    </ClCompile>
    <ClCompile Include="virtualgrasp.cpp">
      <Filter>Source Files</Filter>
    </ClCompile>
    <ClCompile Include="GeneratedFiles\Debug\moc_virtualgrasp.cpp">
      <Filter>Generated Files\Debug</Filter>
    </ClCompile>
    <ClCompile Include="GeneratedFiles\Release\moc_virtualgrasp.cpp">
      <Filter>Generated Files\Release</Filter>
    </ClCompile>
    <ClCompile Include="GeneratedFiles\qrc_virtualgrasp.cpp">
      <Filter>Generated Files</Filter>
    </ClCompile>
    <ClCompile Include="ShapeAnalysis\RigidPart.cpp">
      <Filter>ShapeAnalysis</Filter>
    </ClCompile>
    <ClCompile Include="ShapeAnalysis\Agent\HumanHand.cpp">
      <Filter>ShapeAnalysis\Agent</Filter>
    </ClCompile>
    <ClCompile Include="ShapeAnalysis\Box.cpp">
      <Filter>ShapeAnalysis</Filter>
    </ClCompile>
    <ClCompile Include="ShapeAnalysis\rotationConstraint.cpp">
      <Filter>ShapeAnalysis</Filter>
    </ClCompile>
    <ClCompile Include="Utility\kdtree.cpp">
      <Filter>utility</Filter>
    </ClCompile>
    <ClCompile Include="Utility\SimpleDraw.cpp">
      <Filter>utility</Filter>
    </ClCompile>
    <ClCompile Include="GraphicsLibrary\Mesh.cpp">
      <Filter>GraphicsLibrary</Filter>
    </ClCompile>
    <ClCompile Include="GraphicsLibrary\Face.cpp">
      <Filter>GraphicsLibrary</Filter>
    </ClCompile>
    <ClCompile Include="GraphicsLibrary\VertexDetail.cpp">
      <Filter>GraphicsLibrary</Filter>
    </ClCompile>
    <ClCompile Include="GraphicsLibrary\Octree.cpp">
      <Filter>GraphicsLibrary</Filter>
    </ClCompile>
    <ClCompile Include="GraphicsLibrary\Plane.cpp">
      <Filter>GraphicsLibrary</Filter>
    </ClCompile>
    <ClCompile Include="GraphicsLibrary\Transform.cpp">
      <Filter>GraphicsLibrary</Filter>
    </ClCompile>
    <ClCompile Include="GraphicsLibrary\Triangle.cpp">
      <Filter>GraphicsLibrary</Filter>
    </ClCompile>
    <ClCompile Include="GraphicsLibrary\Umbrella.cpp">
      <Filter>GraphicsLibrary</Filter>
    </ClCompile>
    <ClCompile Include="GraphicsLibrary\VBO.cpp">
      <Filter>GraphicsLibrary</Filter>
    </ClCompile>
    <ClCompile Include="GraphicsLibrary\Voxeler.cpp">
      <Filter>GraphicsLibrary</Filter>
    </ClCompile>
    <ClCompile Include="GraphicsLibrary\BoundingBox.cpp">
      <Filter>GraphicsLibrary</Filter>
    </ClCompile>
    <ClCompile Include="GraphicsLibrary\Line.cpp">
      <Filter>GraphicsLibrary</Filter>
    </ClCompile>
    <ClCompile Include="ShapeAnalysis\IntersectionTest.cpp">
      <Filter>ShapeAnalysis</Filter>
    </ClCompile>
    <ClCompile Include="ShapeAnalysis\Agent\HumanArm.cpp">
      <Filter>ShapeAnalysis\Agent</Filter>
    </ClCompile>
    <ClCompile Include="ShapeAnalysis\Agent\HumanBody.cpp">
      <Filter>ShapeAnalysis\Agent</Filter>
    </ClCompile>
    <ClCompile Include="ShapeAnalysis\Agent\HumanLeg.cpp">
      <Filter>ShapeAnalysis\Agent</Filter>
    </ClCompile>
    <ClCompile Include="ShapeAnalysis\Agent\HumanTorso.cpp">
      <Filter>ShapeAnalysis\Agent</Filter>
    </ClCompile>
    <ClCompile Include="GeneratedFiles\Debug\moc_commander.cpp">
      <Filter>Generated Files\Debug</Filter>
    </ClCompile>
    <ClCompile Include="GeneratedFiles\Release\moc_commander.cpp">
      <Filter>Generated Files\Release</Filter>
    </ClCompile>
    <ClCompile Include="GeneratedFiles\Debug\moc_SideBar.cpp">
      <Filter>Generated Files\Debug</Filter>
    </ClCompile>
    <ClCompile Include="GeneratedFiles\Release\moc_SideBar.cpp">
      <Filter>Generated Files\Release</Filter>
    </ClCompile>
    <ClCompile Include="GeneratedFiles\Debug\moc_shapeanalysiswidget.cpp">
      <Filter>Generated Files\Debug</Filter>
    </ClCompile>
    <ClCompile Include="GeneratedFiles\Release\moc_shapeanalysiswidget.cpp">
      <Filter>Generated Files\Release</Filter>
    </ClCompile>
    <ClCompile Include="ShapeAnalysis\shapeanalysiswidget.cpp">
      <Filter>ShapeAnalysis</Filter>
    </ClCompile>
    <ClCompile Include="commander.cpp">
      <Filter>GUI</Filter>
    </ClCompile>
    <ClCompile Include="SideBar.cpp">
      <Filter>GUI</Filter>
    </ClCompile>
    <ClCompile Include="viewer.cpp">
      <Filter>GUI</Filter>
    </ClCompile>
  </ItemGroup>
  <ItemGroup>
    <ClInclude Include="stdafx.h">
      <Filter>Header Files</Filter>
    </ClInclude>
    <ClInclude Include="GeneratedFiles\ui_virtualgrasp.h">
      <Filter>Generated Files</Filter>
    </ClInclude>
    <ClInclude Include="ShapeAnalysis\RigidPart.h">
      <Filter>ShapeAnalysis</Filter>
    </ClInclude>
    <ClInclude Include="ShapeAnalysis\Agent\HumanHand.h">
      <Filter>ShapeAnalysis\Agent</Filter>
    </ClInclude>
    <ClInclude Include="ShapeAnalysis\Box.h">
      <Filter>ShapeAnalysis</Filter>
    </ClInclude>
    <ClInclude Include="ShapeAnalysis\rotationConstraint.h">
      <Filter>ShapeAnalysis</Filter>
    </ClInclude>
    <ClInclude Include="ShapeAnalysis\Shape.h">
      <Filter>ShapeAnalysis</Filter>
    </ClInclude>
    <ClInclude Include="Utility\kdtree.h">
      <Filter>utility</Filter>
    </ClInclude>
    <ClInclude Include="Utility\SimpleDraw.h">
      <Filter>utility</Filter>
    </ClInclude>
    <ClInclude Include="GraphicsLibrary\Mesh.h">
      <Filter>GraphicsLibrary</Filter>
    </ClInclude>
    <ClInclude Include="GraphicsLibrary\Color4.h">
      <Filter>GraphicsLibrary</Filter>
    </ClInclude>
    <ClInclude Include="Utility\Macros.h">
      <Filter>utility</Filter>
    </ClInclude>
    <ClInclude Include="GraphicsLibrary\Face.h">
      <Filter>GraphicsLibrary</Filter>
    </ClInclude>
    <ClInclude Include="GraphicsLibrary\Vertex.h">
      <Filter>GraphicsLibrary</Filter>
    </ClInclude>
    <ClInclude Include="GraphicsLibrary\VertexDetail.h">
      <Filter>GraphicsLibrary</Filter>
    </ClInclude>
    <ClInclude Include="GraphicsLibrary\Octree.h">
      <Filter>GraphicsLibrary</Filter>
    </ClInclude>
    <ClInclude Include="GraphicsLibrary\Plane.h">
      <Filter>GraphicsLibrary</Filter>
    </ClInclude>
    <ClInclude Include="GraphicsLibrary\Point.h">
      <Filter>GraphicsLibrary</Filter>
    </ClInclude>
    <ClInclude Include="GraphicsLibrary\Transform.h">
      <Filter>GraphicsLibrary</Filter>
    </ClInclude>
    <ClInclude Include="GraphicsLibrary\Triangle.h">
      <Filter>GraphicsLibrary</Filter>
    </ClInclude>
    <ClInclude Include="GraphicsLibrary\Umbrella.h">
      <Filter>GraphicsLibrary</Filter>
    </ClInclude>
    <ClInclude Include="GraphicsLibrary\VBO.h">
      <Filter>GraphicsLibrary</Filter>
    </ClInclude>
    <ClInclude Include="GraphicsLibrary\Voxel.h">
      <Filter>GraphicsLibrary</Filter>
    </ClInclude>
    <ClInclude Include="GraphicsLibrary\Voxeler.h">
      <Filter>GraphicsLibrary</Filter>
    </ClInclude>
    <ClInclude Include="GraphicsLibrary\BoundingBox.h">
      <Filter>GraphicsLibrary</Filter>
    </ClInclude>
    <ClInclude Include="GraphicsLibrary\Line.h">
      <Filter>GraphicsLibrary</Filter>
    </ClInclude>
    <ClInclude Include="ShapeAnalysis\IntersectionTest.h">
      <Filter>ShapeAnalysis</Filter>
    </ClInclude>
    <ClInclude Include="ShapeAnalysis\Agent\HumanArm.h">
      <Filter>ShapeAnalysis\Agent</Filter>
    </ClInclude>
    <ClInclude Include="ShapeAnalysis\Agent\HumanBody.h">
      <Filter>ShapeAnalysis\Agent</Filter>
    </ClInclude>
    <ClInclude Include="ShapeAnalysis\Agent\HumanLeg.h">
      <Filter>ShapeAnalysis\Agent</Filter>
    </ClInclude>
    <ClInclude Include="ShapeAnalysis\Agent\HumanTorso.h">
      <Filter>ShapeAnalysis\Agent</Filter>
    </ClInclude>
    <ClInclude Include="viewer.h">
      <Filter>GUI</Filter>
    </ClInclude>
  </ItemGroup>
  <ItemGroup>
    <CustomBuild Include="virtualgrasp.h">
      <Filter>Header Files</Filter>
    </CustomBuild>
    <CustomBuild Include="virtualgrasp.ui">
      <Filter>Form Files</Filter>
    </CustomBuild>
    <CustomBuild Include="virtualgrasp.qrc">
      <Filter>Resource Files</Filter>
    </CustomBuild>
    <CustomBuild Include="ShapeAnalysis\shapeanalysiswidget.h">
      <Filter>ShapeAnalysis</Filter>
    </CustomBuild>
    <CustomBuild Include="SideBar.h">
      <Filter>GUI</Filter>
    </CustomBuild>
    <CustomBuild Include="commander.h">
      <Filter>GUI</Filter>
    </CustomBuild>
  </ItemGroup>
  <ItemGroup>
    <ResourceCompile Include="VirtualGrasp.rc" />
  </ItemGroup>
</Project>